github.com/joho/godotenv v1.4.0 h1:3l4+N6zfMWnkbPEXKng2o2/MR5mSwTrBih4ZEkkz1lg=
github.com/joho/godotenv v1.4.0/go.mod h1:f4LDr5Voq0i2e/R5DDNOoa2zzDfwtkZa6DnEwAbqwq4=
github.com/rabbitmq/amqp091-go v1.3.0 h1:A/QuHiNw7LMCJsxx9iZn5lrIz6OrhIn7Dfk5/1YatWM=
github.com/rabbitmq/amqp091-go v1.3.0/go.mod h1:ogQDLSOACsLPsIq0NpbtiifNZi2YOz0VTJ0kHRghqbM=
github.com/wagslane/go-rabbitmq v0.8.0 h1:f+pR8f+5XCxfizCNPN2JHFKVXbTfLi662ErVTR+dH+w=
github.com/wagslane/go-rabbitmq v0.8.0/go.mod h1:SDjKDyaWPAA8eCQfmTns9TSAkz8tsKRS7c6d5ak3pNg=
